// !$*UTF8*$!
{
	archiveVersion = 1;
	classes = {
	};
	objectVersion = 55;
	objects = {

/* Begin PBXBuildFile section */
		A091F69F2855FAA4008B720B /* AppDelegate.swift in Sources */ = {isa = PBXBuildFile; fileRef = A091F69E2855FAA4008B720B /* AppDelegate.swift */; };
		A091F6A12855FAA4008B720B /* SceneDelegate.swift in Sources */ = {isa = PBXBuildFile; fileRef = A091F6A02855FAA4008B720B /* SceneDelegate.swift */; };
		A091F6A62855FAA4008B720B /* Main.storyboard in Resources */ = {isa = PBXBuildFile; fileRef = A091F6A42855FAA4008B720B /* Main.storyboard */; };
		A091F6A82855FAA6008B720B /* Assets.xcassets in Resources */ = {isa = PBXBuildFile; fileRef = A091F6A72855FAA6008B720B /* Assets.xcassets */; };
		A091F6AB2855FAA6008B720B /* LaunchScreen.storyboard in Resources */ = {isa = PBXBuildFile; fileRef = A091F6A92855FAA6008B720B /* LaunchScreen.storyboard */; };
		A091F6B32855FBAE008B720B /* MainTableViewController.swift in Sources */ = {isa = PBXBuildFile; fileRef = A091F6B22855FBAE008B720B /* MainTableViewController.swift */; };
		A091F6B5285755B7008B720B /* CustomTableViewCell.swift in Sources */ = {isa = PBXBuildFile; fileRef = A091F6B4285755B7008B720B /* CustomTableViewCell.swift */; };
		A091F6B7285774A5008B720B /* PlaceModel.swift in Sources */ = {isa = PBXBuildFile; fileRef = A091F6B6285774A5008B720B /* PlaceModel.swift */; };
/* End PBXBuildFile section */

/* Begin PBXFileReference section */
		A091F69B2855FAA4008B720B /* MyFavoritePlaces.app */ = {isa = PBXFileReference; explicitFileType = wrapper.application; includeInIndex = 0; path = MyFavoritePlaces.app; sourceTree = BUILT_PRODUCTS_DIR; };
		A091F69E2855FAA4008B720B /* AppDelegate.swift */ = {isa = PBXFileReference; lastKnownFileType = sourcecode.swift; path = AppDelegate.swift; sourceTree = "<group>"; };
		A091F6A02855FAA4008B720B /* SceneDelegate.swift */ = {isa = PBXFileReference; lastKnownFileType = sourcecode.swift; path = SceneDelegate.swift; sourceTree = "<group>"; };
		A091F6A52855FAA4008B720B /* Base */ = {isa = PBXFileReference; lastKnownFileType = file.storyboard; name = Base; path = Base.lproj/Main.storyboard; sourceTree = "<group>"; };
		A091F6A72855FAA6008B720B /* Assets.xcassets */ = {isa = PBXFileReference; lastKnownFileType = folder.assetcatalog; path = Assets.xcassets; sourceTree = "<group>"; };
		A091F6AA2855FAA6008B720B /* Base */ = {isa = PBXFileReference; lastKnownFileType = file.storyboard; name = Base; path = Base.lproj/LaunchScreen.storyboard; sourceTree = "<group>"; };
		A091F6AC2855FAA6008B720B /* Info.plist */ = {isa = PBXFileReference; lastKnownFileType = text.plist.xml; path = Info.plist; sourceTree = "<group>"; };
		A091F6B22855FBAE008B720B /* MainTableViewController.swift */ = {isa = PBXFileReference; lastKnownFileType = sourcecode.swift; path = MainTableViewController.swift; sourceTree = "<group>"; };
		A091F6B4285755B7008B720B /* CustomTableViewCell.swift */ = {isa = PBXFileReference; lastKnownFileType = sourcecode.swift; path = CustomTableViewCell.swift; sourceTree = "<group>"; };
		A091F6B6285774A5008B720B /* PlaceModel.swift */ = {isa = PBXFileReference; lastKnownFileType = sourcecode.swift; path = PlaceModel.swift; sourceTree = "<group>"; };
/* End PBXFileReference section */

/* Begin PBXFrameworksBuildPhase section */
		A091F6982855FAA4008B720B /* Frameworks */ = {
			isa = PBXFrameworksBuildPhase;
			buildActionMask = 2147483647;
			files = (
			);
			runOnlyForDeploymentPostprocessing = 0;
		};
/* End PBXFrameworksBuildPhase section */

/* Begin PBXGroup section */
		A091F6922855FAA4008B720B = {
			isa = PBXGroup;
			children = (
				A091F69D2855FAA4008B720B /* MyFavoritePlaces */,
				A091F69C2855FAA4008B720B /* Products */,
			);
			sourceTree = "<group>";
		};
		A091F69C2855FAA4008B720B /* Products */ = {
			isa = PBXGroup;
			children = (
				A091F69B2855FAA4008B720B /* MyFavoritePlaces.app */,
			);
			name = Products;
			sourceTree = "<group>";
		};
		A091F69D2855FAA4008B720B /* MyFavoritePlaces */ = {
			isa = PBXGroup;
			children = (
				A091F69E2855FAA4008B720B /* AppDelegate.swift */,
				A091F6A02855FAA4008B720B /* SceneDelegate.swift */,
				A091F6A42855FAA4008B720B /* Main.storyboard */,
				A091F6B22855FBAE008B720B /* MainTableViewController.swift */,
				A091F6B4285755B7008B720B /* CustomTableViewCell.swift */,
				A091F6B6285774A5008B720B /* PlaceModel.swift */,
				A091F6A72855FAA6008B720B /* Assets.xcassets */,
				A091F6A92855FAA6008B720B /* LaunchScreen.storyboard */,
				A091F6AC2855FAA6008B720B /* Info.plist */,
			);
			path = MyFavoritePlaces;
			sourceTree = "<group>";
		};
/* End PBXGroup section */

/* Begin PBXNativeTarget section */
		A091F69A2855FAA4008B720B /* MyFavoritePlaces */ = {
			isa = PBXNativeTarget;
			buildConfigurationList = A091F6AF2855FAA6008B720B /* Build configuration list for PBXNativeTarget "MyFavoritePlaces" */;
			buildPhases = (
				A091F6972855FAA4008B720B /* Sources */,
				A091F6982855FAA4008B720B /* Frameworks */,
				A091F6992855FAA4008B720B /* Resources */,
			);
			buildRules = (
			);
			dependencies = (
			);
			name = MyFavoritePlaces;
			productName = MyFavoritePlaces;
			productReference = A091F69B2855FAA4008B720B /* MyFavoritePlaces.app */;
			productType = "com.apple.product-type.application";
		};
/* End PBXNativeTarget section */

/* Begin PBXProject section */
		A091F6932855FAA4008B720B /* Project object */ = {
			isa = PBXProject;
			attributes = {
				BuildIndependentTargetsInParallel = 1;
				LastSwiftUpdateCheck = 1340;
				LastUpgradeCheck = 1340;
				TargetAttributes = {
					A091F69A2855FAA4008B720B = {
						CreatedOnToolsVersion = 13.4.1;
					};
				};
			};
			buildConfigurationList = A091F6962855FAA4008B720B /* Build configuration list for PBXProject "MyFavoritePlaces" */;
			compatibilityVersion = "Xcode 13.0";
			developmentRegion = en;
			hasScannedForEncodings = 0;
			knownRegions = (
				en,
				Base,
			);
			mainGroup = A091F6922855FAA4008B720B;
			productRefGroup = A091F69C2855FAA4008B720B /* Products */;
			projectDirPath = "";
			projectRoot = "";
			targets = (
				A091F69A2855FAA4008B720B /* MyFavoritePlaces */,
			);
		};
/* End PBXProject section */

/* Begin PBXResourcesBuildPhase section */
		A091F6992855FAA4008B720B /* Resources */ = {
			isa = PBXResourcesBuildPhase;
			buildActionMask = 2147483647;
			files = (
				A091F6AB2855FAA6008B720B /* LaunchScreen.storyboard in Resources */,
				A091F6A82855FAA6008B720B /* Assets.xcassets in Resources */,
				A091F6A62855FAA4008B720B /* Main.storyboard in Resources */,
			);
			runOnlyForDeploymentPostprocessing = 0;
		};
/* End PBXResourcesBuildPhase section */

/* Begin PBXSourcesBuildPhase section */
		A091F6972855FAA4008B720B /* Sources */ = {
			isa = PBXSourcesBuildPhase;
			buildActionMask = 2147483647;
			files = (
				A091F69F2855FAA4008B720B /* AppDelegate.swift in Sources */,
				A091F6B32855FBAE008B720B /* MainTableViewController.swift in Sources */,
				A091F6B7285774A5008B720B /* PlaceModel.swift in Sources */,
				A091F6B5285755B7008B720B /* CustomTableViewCell.swift in Sources */,
				A091F6A12855FAA4008B720B /* SceneDelegate.swift in Sources */,
			);
			runOnlyForDeploymentPostprocessing = 0;
		};
/* End PBXSourcesBuildPhase section */

/* Begin PBXVariantGroup section */
		A091F6A42855FAA4008B720B /* Main.storyboard */ = {
			isa = PBXVariantGroup;
			children = (
				A091F6A52855FAA4008B720B /* Base */,
			);
			name = Main.storyboard;
			sourceTree = "<group>";
		};
		A091F6A92855FAA6008B720B /* LaunchScreen.storyboard */ = {
			isa = PBXVariantGroup;
			children = (
				A091F6AA2855FAA6008B720B /* Base */,
			);
			name = LaunchScreen.storyboard;
			sourceTree = "<group>";
		};
/* End PBXVariantGroup section */

/* Begin XCBuildConfiguration section */
		A091F6AD2855FAA6008B720B /* Debug */ = {
			isa = XCBuildConfiguration;
			buildSettings = {
				ALWAYS_SEARCH_USER_PATHS = NO;
				CLANG_ANALYZER_NONNULL = YES;
				CLANG_ANALYZER_NUMBER_OBJECT_CONVERSION = YES_AGGRESSIVE;
				CLANG_CXX_LANGUAGE_STANDARD = "gnu++17";
				CLANG_ENABLE_MODULES = YES;
				CLANG_ENABLE_OBJC_ARC = YES;
				CLANG_ENABLE_OBJC_WEAK = YES;
				CLANG_WARN_BLOCK_CAPTURE_AUTORELEASING = YES;
				CLANG_WARN_BOOL_CONVERSION = YES;
				CLANG_WARN_COMMA = YES;
				CLANG_WARN_CONSTANT_CONVERSION = YES;
				CLANG_WARN_DEPRECATED_OBJC_IMPLEMENTATIONS = YES;
				CLANG_WARN_DIRECT_OBJC_ISA_USAGE = YES_ERROR;
				CLANG_WARN_DOCUMENTATION_COMMENTS = YES;
				CLANG_WARN_EMPTY_BODY = YES;
				CLANG_WARN_ENUM_CONVERSION = YES;
				CLANG_WARN_INFINITE_RECURSION = YES;
				CLANG_WARN_INT_CONVERSION = YES;
				CLANG_WARN_NON_LITERAL_NULL_CONVERSION = YES;
				CLANG_WARN_OBJC_IMPLICIT_RETAIN_SELF = YES;
				CLANG_WARN_OBJC_LITERAL_CONVERSION = YES;
				CLANG_WARN_OBJC_ROOT_CLASS = YES_ERROR;
				CLANG_WARN_QUOTED_INCLUDE_IN_FRAMEWORK_HEADER = YES;
				CLANG_WARN_RANGE_LOOP_ANALYSIS = YES;
				CLANG_WARN_STRICT_PROTOTYPES = YES;
				CLANG_WARN_SUSPICIOUS_MOVE = YES;
				CLANG_WARN_UNGUARDED_AVAILABILITY = YES_AGGRESSIVE;
				CLANG_WARN_UNREACHABLE_CODE = YES;
				CLANG_WARN__DUPLICATE_METHOD_MATCH = YES;
				COPY_PHASE_STRIP = NO;
				DEBUG_INFORMATION_FORMAT = dwarf;
				ENABLE_STRICT_OBJC_MSGSEND = YES;
				ENABLE_TESTABILITY = YES;
				GCC_C_LANGUAGE_STANDARD = gnu11;
				GCC_DYNAMIC_NO_PIC = NO;
				GCC_NO_COMMON_BLOCKS = YES;
				GCC_OPTIMIZATION_LEVEL = 0;
				GCC_PREPROCESSOR_DEFINITIONS = (
					"DEBUG=1",
					"$(inherited)",
				);
				GCC_WARN_64_TO_32_BIT_CONVERSION = YES;
				GCC_WARN_ABOUT_RETURN_TYPE = YES_ERROR;
				GCC_WARN_UNDECLARED_SELECTOR = YES;
				GCC_WARN_UNINITIALIZED_AUTOS = YES_AGGRESSIVE;
				GCC_WARN_UNUSED_FUNCTION = YES;
				GCC_WARN_UNUSED_VARIABLE = YES;
				IPHONEOS_DEPLOYMENT_TARGET = 15.5;
				MTL_ENABLE_DEBUG_INFO = INCLUDE_SOURCE;
				MTL_FAST_MATH = YES;
				ONLY_ACTIVE_ARCH = YES;
				SDKROOT = iphoneos;
				SWIFT_ACTIVE_COMPILATION_CONDITIONS = DEBUG;
				SWIFT_OPTIMIZATION_LEVEL = "-Onone";
			};
			name = Debug;
		};
		A091F6AE2855FAA6008B720B /* Release */ = {
			isa = XCBuildConfiguration;
			buildSettings = {
				ALWAYS_SEARCH_USER_PATHS = NO;
				CLANG_ANALYZER_NONNULL = YES;
				CLANG_ANALYZER_NUMBER_OBJECT_CONVERSION = YES_AGGRESSIVE;
				CLANG_CXX_LANGUAGE_STANDARD = "gnu++17";
				CLANG_ENABLE_MODULES = YES;
				CLANG_ENABLE_OBJC_ARC = YES;
				CLANG_ENABLE_OBJC_WEAK = YES;
				CLANG_WARN_BLOCK_CAPTURE_AUTORELEASING = YES;
				CLANG_WARN_BOOL_CONVERSION = YES;
				CLANG_WARN_COMMA = YES;
				CLANG_WARN_CONSTANT_CONVERSION = YES;
				CLANG_WARN_DEPRECATED_OBJC_IMPLEMENTATIONS = YES;
				CLANG_WARN_DIRECT_OBJC_ISA_USAGE = YES_ERROR;
				CLANG_WARN_DOCUMENTATION_COMMENTS = YES;
				CLANG_WARN_EMPTY_BODY = YES;
				CLANG_WARN_ENUM_CONVERSION = YES;
				CLANG_WARN_INFINITE_RECURSION = YES;
				CLANG_WARN_INT_CONVERSION = YES;
				CLANG_WARN_NON_LITERAL_NULL_CONVERSION = YES;
				CLANG_WARN_OBJC_IMPLICIT_RETAIN_SELF = YES;
				CLANG_WARN_OBJC_LITERAL_CONVERSION = YES;
				CLANG_WARN_OBJC_ROOT_CLASS = YES_ERROR;
				CLANG_WARN_QUOTED_INCLUDE_IN_FRAMEWORK_HEADER = YES;
				CLANG_WARN_RANGE_LOOP_ANALYSIS = YES;
				CLANG_WARN_STRICT_PROTOTYPES = YES;
				CLANG_WARN_SUSPICIOUS_MOVE = YES;
				CLANG_WARN_UNGUARDED_AVAILABILITY = YES_AGGRESSIVE;
				CLANG_WARN_UNREACHABLE_CODE = YES;
				CLANG_WARN__DUPLICATE_METHOD_MATCH = YES;
				COPY_PHASE_STRIP = NO;
				DEBUG_INFORMATION_FORMAT = "dwarf-with-dsym";
				ENABLE_NS_ASSERTIONS = NO;
				ENABLE_STRICT_OBJC_MSGSEND = YES;
				GCC_C_LANGUAGE_STANDARD = gnu11;
				GCC_NO_COMMON_BLOCKS = YES;
				GCC_WARN_64_TO_32_BIT_CONVERSION = YES;
				GCC_WARN_ABOUT_RETURN_TYPE = YES_ERROR;
				GCC_WARN_UNDECLARED_SELECTOR = YES;
				GCC_WARN_UNINITIALIZED_AUTOS = YES_AGGRESSIVE;
				GCC_WARN_UNUSED_FUNCTION = YES;
				GCC_WARN_UNUSED_VARIABLE = YES;
				IPHONEOS_DEPLOYMENT_TARGET = 15.5;
				MTL_ENABLE_DEBUG_INFO = NO;
				MTL_FAST_MATH = YES;
				SDKROOT = iphoneos;
				SWIFT_COMPILATION_MODE = wholemodule;
				SWIFT_OPTIMIZATION_LEVEL = "-O";
				VALIDATE_PRODUCT = YES;
			};
			name = Release;
		};
		A091F6B02855FAA6008B720B /* Debug */ = {
			isa = XCBuildConfiguration;
			buildSettings = {
				ASSETCATALOG_COMPILER_APPICON_NAME = AppIcon;
				ASSETCATALOG_COMPILER_GLOBAL_ACCENT_COLOR_NAME = AccentColor;
				CODE_SIGN_STYLE = Automatic;
				CURRENT_PROJECT_VERSION = 1;
				DEVELOPMENT_TEAM = QZ329TNU43;
				GENERATE_INFOPLIST_FILE = YES;
				INFOPLIST_FILE = MyFavoritePlaces/Info.plist;
				INFOPLIST_KEY_UIApplicationSupportsIndirectInputEvents = YES;
				INFOPLIST_KEY_UILaunchStoryboardName = LaunchScreen;
				INFOPLIST_KEY_UIMainStoryboardFile = Main;
				INFOPLIST_KEY_UISupportedInterfaceOrientations = UIInterfaceOrientationPortrait;
				INFOPLIST_KEY_UISupportedInterfaceOrientations_iPad = "UIInterfaceOrientationPortrait UIInterfaceOrientationPortraitUpsideDown UIInterfaceOrientationLandscapeLeft UIInterfaceOrientationLandscapeRight";
				INFOPLIST_KEY_UISupportedInterfaceOrientations_iPhone = "UIInterfaceOrientationPortrait UIInterfaceOrientationLandscapeLeft UIInterfaceOrientationLandscapeRight";
				LD_RUNPATH_SEARCH_PATHS = (
					"$(inherited)",
					"@executable_path/Frameworks",
				);
				MARKETING_VERSION = 1.0;
				PRODUCT_BUNDLE_IDENTIFIER = matveiKhlestov.MyFavoritePlaces;
				PRODUCT_NAME = "$(TARGET_NAME)";
				SWIFT_EMIT_LOC_STRINGS = YES;
				SWIFT_VERSION = 5.0;
				TARGETED_DEVICE_FAMILY = 1;
			};
			name = Debug;
		};
		A091F6B12855FAA6008B720B /* Release */ = {
			isa = XCBuildConfiguration;
			buildSettings = {
				ASSETCATALOG_COMPILER_APPICON_NAME = AppIcon;
				ASSETCATALOG_COMPILER_GLOBAL_ACCENT_COLOR_NAME = AccentColor;
				CODE_SIGN_STYLE = Automatic;
				CURRENT_PROJECT_VERSION = 1;
				DEVELOPMENT_TEAM = QZ329TNU43;
				GENERATE_INFOPLIST_FILE = YES;
				INFOPLIST_FILE = MyFavoritePlaces/Info.plist;
				INFOPLIST_KEY_UIApplicationSupportsIndirectInputEvents = YES;
				INFOPLIST_KEY_UILaunchStoryboardName = LaunchScreen;
				INFOPLIST_KEY_UIMainStoryboardFile = Main;
				INFOPLIST_KEY_UISupportedInterfaceOrientations = UIInterfaceOrientationPortrait;
				INFOPLIST_KEY_UISupportedInterfaceOrientations_iPad = "UIInterfaceOrientationPortrait UIInterfaceOrientationPortraitUpsideDown UIInterfaceOrientationLandscapeLeft UIInterfaceOrientationLandscapeRight";
				INFOPLIST_KEY_UISupportedInterfaceOrientations_iPhone = "UIInterfaceOrientationPortrait UIInterfaceOrientationLandscapeLeft UIInterfaceOrientationLandscapeRight";
				LD_RUNPATH_SEARCH_PATHS = (
					"$(inherited)",
					"@executable_path/Frameworks",
				);
				MARKETING_VERSION = 1.0;
				PRODUCT_BUNDLE_IDENTIFIER = matveiKhlestov.MyFavoritePlaces;
				PRODUCT_NAME = "$(TARGET_NAME)";
				SWIFT_EMIT_LOC_STRINGS = YES;
				SWIFT_VERSION = 5.0;
				TARGETED_DEVICE_FAMILY = 1;
			};
			name = Release;
		};
/* End XCBuildConfiguration section */

/* Begin XCConfigurationList section */
		A091F6962855FAA4008B720B /* Build configuration list for PBXProject "MyFavoritePlaces" */ = {
			isa = XCConfigurationList;
			buildConfigurations = (
				A091F6AD2855FAA6008B720B /* Debug */,
				A091F6AE2855FAA6008B720B /* Release */,
			);
			defaultConfigurationIsVisible = 0;
			defaultConfigurationName = Release;
		};
		A091F6AF2855FAA6008B720B /* Build configuration list for PBXNativeTarget "MyFavoritePlaces" */ = {
			isa = XCConfigurationList;
			buildConfigurations = (
				A091F6B02855FAA6008B720B /* Debug */,
				A091F6B12855FAA6008B720B /* Release */,
			);
			defaultConfigurationIsVisible = 0;
			defaultConfigurationName = Release;
		};
/* End XCConfigurationList section */
	};
	rootObject = A091F6932855FAA4008B720B /* Project object */;
}
